// !$*UTF8*$!
{
	archiveVersion = 1;
	classes = {
	};
	objectVersion = 48;
	objects = {

/* Begin PBXBuildFile section */
		27AD91844DCC52B1B4452DF5 /* Pods_Movies.framework in Frameworks */ = {isa = PBXBuildFile; fileRef = 71E4E39EC037C11B1C4F7873 /* Pods_Movies.framework */; };
		3DD3F7CD1FBE246900463B29 /* MovieDetailService.swift in Sources */ = {isa = PBXBuildFile; fileRef = 3DD3F7CC1FBE246900463B29 /* MovieDetailService.swift */; };
		3ECF733B9BCD771C7EA45899 /* MoviePage.swift in Sources */ = {isa = PBXBuildFile; fileRef = 3ECF75E25062CF8C9B304EAC /* MoviePage.swift */; };
		3ECF75AF54D688815E6EDB07 /* MoviesListingService.swift in Sources */ = {isa = PBXBuildFile; fileRef = 3ECF767D794BCDC468AA181C /* MoviesListingService.swift */; };
		4A4FD09C1FC45770004E83C3 /* MovieListingActionsTest.swift in Sources */ = {isa = PBXBuildFile; fileRef = 4A4FD09B1FC45770004E83C3 /* MovieListingActionsTest.swift */; };
		4A6A5C351FBB16D300476B51 /* Movie.swift in Sources */ = {isa = PBXBuildFile; fileRef = 4A6A5C341FBB16D300476B51 /* Movie.swift */; };
		4A6A5C381FBB1A3200476B51 /* RootState.swift in Sources */ = {isa = PBXBuildFile; fileRef = 4A6A5C371FBB1A3200476B51 /* RootState.swift */; };
		4A6A5C3A1FBB1A7400476B51 /* RootReducer.swift in Sources */ = {isa = PBXBuildFile; fileRef = 4A6A5C391FBB1A7400476B51 /* RootReducer.swift */; };
		4A6A5C3C1FBB1B1200476B51 /* FilterViewController.swift in Sources */ = {isa = PBXBuildFile; fileRef = 4A6A5C3B1FBB1B1200476B51 /* FilterViewController.swift */; };
		4A6A5C3E1FBB1B4900476B51 /* MovieDetailViewController.swift in Sources */ = {isa = PBXBuildFile; fileRef = 4A6A5C3D1FBB1B4900476B51 /* MovieDetailViewController.swift */; };
		4A6A5C401FBB1C9300476B51 /* MoviesListingReducer.swift in Sources */ = {isa = PBXBuildFile; fileRef = 4A6A5C3F1FBB1C9300476B51 /* MoviesListingReducer.swift */; };
		4A6A5C421FBB1CAA00476B51 /* MoviesListingState.swift in Sources */ = {isa = PBXBuildFile; fileRef = 4A6A5C411FBB1CAA00476B51 /* MoviesListingState.swift */; };
		4A7B5DD11FB9F99300918CED /* MoviesListingAction.swift in Sources */ = {isa = PBXBuildFile; fileRef = 4A7B5DD01FB9F99300918CED /* MoviesListingAction.swift */; };
		4A7B5DD51FBA03A800918CED /* MovieTableViewCell.swift in Sources */ = {isa = PBXBuildFile; fileRef = 4A7B5DD41FBA03A800918CED /* MovieTableViewCell.swift */; };
		4AC433D91FBDE44500F0683B /* Assets.xcassets in Resources */ = {isa = PBXBuildFile; fileRef = 4AC433D81FBDE44500F0683B /* Assets.xcassets */; };
		4AD492AC1FB9F21200F2E703 /* AppDelegate.swift in Sources */ = {isa = PBXBuildFile; fileRef = 4AD492AB1FB9F21200F2E703 /* AppDelegate.swift */; };
		4AD492B11FB9F21200F2E703 /* Main.storyboard in Resources */ = {isa = PBXBuildFile; fileRef = 4AD492AF1FB9F21200F2E703 /* Main.storyboard */; };
		4AD492B61FB9F21200F2E703 /* LaunchScreen.storyboard in Resources */ = {isa = PBXBuildFile; fileRef = 4AD492B41FB9F21200F2E703 /* LaunchScreen.storyboard */; };
		C9E1337ED7CBB87E9B6417FB /* FilterAction.swift in Sources */ = {isa = PBXBuildFile; fileRef = C9E13132C06288095E77C4C3 /* FilterAction.swift */; };
		C9E1342F0824A516E2FB33D6 /* Genre.swift in Sources */ = {isa = PBXBuildFile; fileRef = C9E1327CFA091810C3BC430C /* Genre.swift */; };
		C9E1359F55E3AB82B22C3399 /* MovieListingViewController.swift in Sources */ = {isa = PBXBuildFile; fileRef = C9E13BBCF1BD366F4D34A76B /* MovieListingViewController.swift */; };
		C9E13654EAA38B6C4E1A5312 /* MovieDetailAction.swift in Sources */ = {isa = PBXBuildFile; fileRef = C9E134061CCF7297E419D575 /* MovieDetailAction.swift */; };
		C9E13705A2244C8BC39D5EF4 /* FilterState.swift in Sources */ = {isa = PBXBuildFile; fileRef = C9E130594AA7550E7B0439BC /* FilterState.swift */; };
		C9E137DFF547C5A3CCC00383 /* MovieDetailReducer.swift in Sources */ = {isa = PBXBuildFile; fileRef = C9E130F2C5B773BB6F299AEA /* MovieDetailReducer.swift */; };
		C9E139129A09FAB50D9B08A1 /* DownloadFromURL.swift in Sources */ = {isa = PBXBuildFile; fileRef = C9E13346BF9DB27AE618A261 /* DownloadFromURL.swift */; };
		C9E13D3AB7469CE0C1947643 /* MovieDetailState.swift in Sources */ = {isa = PBXBuildFile; fileRef = C9E139FABE5F73D8709EB0C9 /* MovieDetailState.swift */; };
		C9E13D550F14C562DB47D2AC /* GenrePage.swift in Sources */ = {isa = PBXBuildFile; fileRef = C9E13C94634CB58F37BCEFEC /* GenrePage.swift */; };
		C9E13DDD1540AF7177DD01C0 /* FilterReducer.swift in Sources */ = {isa = PBXBuildFile; fileRef = C9E13690A82B225FA1F81F0B /* FilterReducer.swift */; };
		F4EAF1AF28724655BA84B135 /* Pods_Movies_MoviesTests.framework in Frameworks */ = {isa = PBXBuildFile; fileRef = B7CC34E489F84B17B17B427E /* Pods_Movies_MoviesTests.framework */; };
/* End PBXBuildFile section */

/* Begin PBXContainerItemProxy section */
		4A4FD0951FC452B2004E83C3 /* PBXContainerItemProxy */ = {
			isa = PBXContainerItemProxy;
			containerPortal = 4AD492A01FB9F21200F2E703 /* Project object */;
			proxyType = 1;
			remoteGlobalIDString = 4AD492A71FB9F21200F2E703;
			remoteInfo = Movies;
		};
/* End PBXContainerItemProxy section */

/* Begin PBXFileReference section */
		2B69178F95498D3CD61EEB91 /* Pods-Movies-MoviesTests.release.xcconfig */ = {isa = PBXFileReference; includeInIndex = 1; lastKnownFileType = text.xcconfig; name = "Pods-Movies-MoviesTests.release.xcconfig"; path = "Pods/Target Support Files/Pods-Movies-MoviesTests/Pods-Movies-MoviesTests.release.xcconfig"; sourceTree = "<group>"; };
		3DD3F7CC1FBE246900463B29 /* MovieDetailService.swift */ = {isa = PBXFileReference; lastKnownFileType = sourcecode.swift; path = MovieDetailService.swift; sourceTree = "<group>"; };
		3ECF75E25062CF8C9B304EAC /* MoviePage.swift */ = {isa = PBXFileReference; fileEncoding = 4; lastKnownFileType = sourcecode.swift; path = MoviePage.swift; sourceTree = "<group>"; };
		3ECF767D794BCDC468AA181C /* MoviesListingService.swift */ = {isa = PBXFileReference; fileEncoding = 4; lastKnownFileType = sourcecode.swift; path = MoviesListingService.swift; sourceTree = "<group>"; };
		4A4FD0901FC452B2004E83C3 /* MoviesTests.xctest */ = {isa = PBXFileReference; explicitFileType = wrapper.cfbundle; includeInIndex = 0; path = MoviesTests.xctest; sourceTree = BUILT_PRODUCTS_DIR; };
		4A4FD0941FC452B2004E83C3 /* Info.plist */ = {isa = PBXFileReference; lastKnownFileType = text.plist.xml; path = Info.plist; sourceTree = "<group>"; };
		4A4FD09B1FC45770004E83C3 /* MovieListingActionsTest.swift */ = {isa = PBXFileReference; lastKnownFileType = sourcecode.swift; path = MovieListingActionsTest.swift; sourceTree = "<group>"; };
		4A6A5C341FBB16D300476B51 /* Movie.swift */ = {isa = PBXFileReference; lastKnownFileType = sourcecode.swift; path = Movie.swift; sourceTree = "<group>"; };
		4A6A5C371FBB1A3200476B51 /* RootState.swift */ = {isa = PBXFileReference; lastKnownFileType = sourcecode.swift; path = RootState.swift; sourceTree = "<group>"; };
		4A6A5C391FBB1A7400476B51 /* RootReducer.swift */ = {isa = PBXFileReference; lastKnownFileType = sourcecode.swift; path = RootReducer.swift; sourceTree = "<group>"; };
		4A6A5C3B1FBB1B1200476B51 /* FilterViewController.swift */ = {isa = PBXFileReference; lastKnownFileType = sourcecode.swift; path = FilterViewController.swift; sourceTree = "<group>"; };
		4A6A5C3D1FBB1B4900476B51 /* MovieDetailViewController.swift */ = {isa = PBXFileReference; lastKnownFileType = sourcecode.swift; path = MovieDetailViewController.swift; sourceTree = "<group>"; };
		4A6A5C3F1FBB1C9300476B51 /* MoviesListingReducer.swift */ = {isa = PBXFileReference; lastKnownFileType = sourcecode.swift; path = MoviesListingReducer.swift; sourceTree = "<group>"; };
		4A6A5C411FBB1CAA00476B51 /* MoviesListingState.swift */ = {isa = PBXFileReference; lastKnownFileType = sourcecode.swift; path = MoviesListingState.swift; sourceTree = "<group>"; };
		4A7B5DD01FB9F99300918CED /* MoviesListingAction.swift */ = {isa = PBXFileReference; lastKnownFileType = sourcecode.swift; path = MoviesListingAction.swift; sourceTree = "<group>"; };
		4A7B5DD41FBA03A800918CED /* MovieTableViewCell.swift */ = {isa = PBXFileReference; lastKnownFileType = sourcecode.swift; path = MovieTableViewCell.swift; sourceTree = "<group>"; };
		4AC433D81FBDE44500F0683B /* Assets.xcassets */ = {isa = PBXFileReference; lastKnownFileType = folder.assetcatalog; path = Assets.xcassets; sourceTree = "<group>"; };
		4AD492A81FB9F21200F2E703 /* Movies.app */ = {isa = PBXFileReference; explicitFileType = wrapper.application; includeInIndex = 0; path = Movies.app; sourceTree = BUILT_PRODUCTS_DIR; };
		4AD492AB1FB9F21200F2E703 /* AppDelegate.swift */ = {isa = PBXFileReference; lastKnownFileType = sourcecode.swift; path = AppDelegate.swift; sourceTree = "<group>"; };
		4AD492B01FB9F21200F2E703 /* Base */ = {isa = PBXFileReference; lastKnownFileType = file.storyboard; name = Base; path = Base.lproj/Main.storyboard; sourceTree = "<group>"; };
		4AD492B51FB9F21200F2E703 /* Base */ = {isa = PBXFileReference; lastKnownFileType = file.storyboard; name = Base; path = Base.lproj/LaunchScreen.storyboard; sourceTree = "<group>"; };
		4AD492B71FB9F21200F2E703 /* Info.plist */ = {isa = PBXFileReference; lastKnownFileType = text.plist.xml; path = Info.plist; sourceTree = "<group>"; };
		71E4E39EC037C11B1C4F7873 /* Pods_Movies.framework */ = {isa = PBXFileReference; explicitFileType = wrapper.framework; includeInIndex = 0; path = Pods_Movies.framework; sourceTree = BUILT_PRODUCTS_DIR; };
		7DB309EC3E716DCDFADF312D /* Pods-Movies.release.xcconfig */ = {isa = PBXFileReference; includeInIndex = 1; lastKnownFileType = text.xcconfig; name = "Pods-Movies.release.xcconfig"; path = "Pods/Target Support Files/Pods-Movies/Pods-Movies.release.xcconfig"; sourceTree = "<group>"; };
		B7CC34E489F84B17B17B427E /* Pods_Movies_MoviesTests.framework */ = {isa = PBXFileReference; explicitFileType = wrapper.framework; includeInIndex = 0; path = Pods_Movies_MoviesTests.framework; sourceTree = BUILT_PRODUCTS_DIR; };
		BDDCD45DB4EFD6FB51B8B642 /* Pods-Movies-MoviesTests.debug.xcconfig */ = {isa = PBXFileReference; includeInIndex = 1; lastKnownFileType = text.xcconfig; name = "Pods-Movies-MoviesTests.debug.xcconfig"; path = "Pods/Target Support Files/Pods-Movies-MoviesTests/Pods-Movies-MoviesTests.debug.xcconfig"; sourceTree = "<group>"; };
		C9E130594AA7550E7B0439BC /* FilterState.swift */ = {isa = PBXFileReference; fileEncoding = 4; lastKnownFileType = sourcecode.swift; path = FilterState.swift; sourceTree = "<group>"; };
		C9E130F2C5B773BB6F299AEA /* MovieDetailReducer.swift */ = {isa = PBXFileReference; fileEncoding = 4; lastKnownFileType = sourcecode.swift; path = MovieDetailReducer.swift; sourceTree = "<group>"; };
		C9E13132C06288095E77C4C3 /* FilterAction.swift */ = {isa = PBXFileReference; fileEncoding = 4; lastKnownFileType = sourcecode.swift; path = FilterAction.swift; sourceTree = "<group>"; };
		C9E1327CFA091810C3BC430C /* Genre.swift */ = {isa = PBXFileReference; fileEncoding = 4; lastKnownFileType = sourcecode.swift; path = Genre.swift; sourceTree = "<group>"; };
		C9E13346BF9DB27AE618A261 /* DownloadFromURL.swift */ = {isa = PBXFileReference; fileEncoding = 4; lastKnownFileType = sourcecode.swift; path = DownloadFromURL.swift; sourceTree = "<group>"; };
		C9E134061CCF7297E419D575 /* MovieDetailAction.swift */ = {isa = PBXFileReference; fileEncoding = 4; lastKnownFileType = sourcecode.swift; path = MovieDetailAction.swift; sourceTree = "<group>"; };
		C9E13690A82B225FA1F81F0B /* FilterReducer.swift */ = {isa = PBXFileReference; fileEncoding = 4; lastKnownFileType = sourcecode.swift; path = FilterReducer.swift; sourceTree = "<group>"; };
		C9E139FABE5F73D8709EB0C9 /* MovieDetailState.swift */ = {isa = PBXFileReference; fileEncoding = 4; lastKnownFileType = sourcecode.swift; path = MovieDetailState.swift; sourceTree = "<group>"; };
		C9E13BBCF1BD366F4D34A76B /* MovieListingViewController.swift */ = {isa = PBXFileReference; fileEncoding = 4; lastKnownFileType = sourcecode.swift; path = MovieListingViewController.swift; sourceTree = "<group>"; };
		C9E13C94634CB58F37BCEFEC /* GenrePage.swift */ = {isa = PBXFileReference; fileEncoding = 4; lastKnownFileType = sourcecode.swift; path = GenrePage.swift; sourceTree = "<group>"; };
		EB5091F26165CFC7EE5BD1A9 /* Pods-Movies.debug.xcconfig */ = {isa = PBXFileReference; includeInIndex = 1; lastKnownFileType = text.xcconfig; name = "Pods-Movies.debug.xcconfig"; path = "Pods/Target Support Files/Pods-Movies/Pods-Movies.debug.xcconfig"; sourceTree = "<group>"; };
/* End PBXFileReference section */

/* Begin PBXFrameworksBuildPhase section */
		4A4FD08D1FC452B2004E83C3 /* Frameworks */ = {
			isa = PBXFrameworksBuildPhase;
			buildActionMask = 2147483647;
			files = (
				F4EAF1AF28724655BA84B135 /* Pods_Movies_MoviesTests.framework in Frameworks */,
			);
			runOnlyForDeploymentPostprocessing = 0;
		};
		4AD492A51FB9F21200F2E703 /* Frameworks */ = {
			isa = PBXFrameworksBuildPhase;
			buildActionMask = 2147483647;
			files = (
				27AD91844DCC52B1B4452DF5 /* Pods_Movies.framework in Frameworks */,
			);
			runOnlyForDeploymentPostprocessing = 0;
		};
/* End PBXFrameworksBuildPhase section */

/* Begin PBXGroup section */
		189AB845985C8A7D5911AA3D /* Frameworks */ = {
			isa = PBXGroup;
			children = (
				71E4E39EC037C11B1C4F7873 /* Pods_Movies.framework */,
				B7CC34E489F84B17B17B427E /* Pods_Movies_MoviesTests.framework */,
			);
			name = Frameworks;
			sourceTree = "<group>";
		};
		4A4FD0911FC452B2004E83C3 /* MoviesTests */ = {
			isa = PBXGroup;
			children = (
				4A4FD09B1FC45770004E83C3 /* MovieListingActionsTest.swift */,
				4A4FD0941FC452B2004E83C3 /* Info.plist */,
			);
			path = MoviesTests;
			sourceTree = "<group>";
		};
		4A6A5C311FBB158200476B51 /* Detail */ = {
			isa = PBXGroup;
			children = (
				4A6A5C3D1FBB1B4900476B51 /* MovieDetailViewController.swift */,
				C9E134061CCF7297E419D575 /* MovieDetailAction.swift */,
				C9E130F2C5B773BB6F299AEA /* MovieDetailReducer.swift */,
				C9E139FABE5F73D8709EB0C9 /* MovieDetailState.swift */,
				3DD3F7CC1FBE246900463B29 /* MovieDetailService.swift */,
			);
			path = Detail;
			sourceTree = "<group>";
		};
		4A6A5C321FBB15D400476B51 /* Filter */ = {
			isa = PBXGroup;
			children = (
				4A6A5C3B1FBB1B1200476B51 /* FilterViewController.swift */,
				C9E13132C06288095E77C4C3 /* FilterAction.swift */,
				C9E13690A82B225FA1F81F0B /* FilterReducer.swift */,
				C9E130594AA7550E7B0439BC /* FilterState.swift */,
			);
			path = Filter;
			sourceTree = "<group>";
		};
		4A6A5C331FBB16C500476B51 /* Model */ = {
			isa = PBXGroup;
			children = (
				4A6A5C341FBB16D300476B51 /* Movie.swift */,
				3ECF75E25062CF8C9B304EAC /* MoviePage.swift */,
				C9E1327CFA091810C3BC430C /* Genre.swift */,
				C9E13C94634CB58F37BCEFEC /* GenrePage.swift */,
			);
			path = Model;
			sourceTree = "<group>";
		};
		4A6A5C361FBB1A1500476B51 /* Root */ = {
			isa = PBXGroup;
			children = (
				4A6A5C371FBB1A3200476B51 /* RootState.swift */,
				4A6A5C391FBB1A7400476B51 /* RootReducer.swift */,
			);
			path = Root;
			sourceTree = "<group>";
		};
		4A7B5DCF1FB9F83500918CED /* Listing */ = {
			isa = PBXGroup;
			children = (
				4A7B5DD41FBA03A800918CED /* MovieTableViewCell.swift */,
				4A7B5DD01FB9F99300918CED /* MoviesListingAction.swift */,
				4A6A5C3F1FBB1C9300476B51 /* MoviesListingReducer.swift */,
				4A6A5C411FBB1CAA00476B51 /* MoviesListingState.swift */,
				3ECF767D794BCDC468AA181C /* MoviesListingService.swift */,
				C9E13BBCF1BD366F4D34A76B /* MovieListingViewController.swift */,
			);
			path = Listing;
			sourceTree = "<group>";
		};
		4AD4929F1FB9F21200F2E703 = {
			isa = PBXGroup;
			children = (
				4AD492AA1FB9F21200F2E703 /* Movies */,
				4A4FD0911FC452B2004E83C3 /* MoviesTests */,
				4AD492A91FB9F21200F2E703 /* Products */,
				E7EBEA9A33B20FB41B76584B /* Pods */,
				189AB845985C8A7D5911AA3D /* Frameworks */,
			);
			sourceTree = "<group>";
		};
		4AD492A91FB9F21200F2E703 /* Products */ = {
			isa = PBXGroup;
			children = (
				4AD492A81FB9F21200F2E703 /* Movies.app */,
				4A4FD0901FC452B2004E83C3 /* MoviesTests.xctest */,
			);
			name = Products;
			sourceTree = "<group>";
		};
		4AD492AA1FB9F21200F2E703 /* Movies */ = {
			isa = PBXGroup;
			children = (
				4A6A5C361FBB1A1500476B51 /* Root */,
				4A6A5C331FBB16C500476B51 /* Model */,
				4A6A5C321FBB15D400476B51 /* Filter */,
				4A6A5C311FBB158200476B51 /* Detail */,
				4A7B5DCF1FB9F83500918CED /* Listing */,
				4AD492AB1FB9F21200F2E703 /* AppDelegate.swift */,
				4AD492AF1FB9F21200F2E703 /* Main.storyboard */,
				4AC433D81FBDE44500F0683B /* Assets.xcassets */,
				4AD492B41FB9F21200F2E703 /* LaunchScreen.storyboard */,
				4AD492B71FB9F21200F2E703 /* Info.plist */,
				C9E13346BF9DB27AE618A261 /* DownloadFromURL.swift */,
			);
			path = Movies;
			sourceTree = "<group>";
		};
		E7EBEA9A33B20FB41B76584B /* Pods */ = {
			isa = PBXGroup;
			children = (
				EB5091F26165CFC7EE5BD1A9 /* Pods-Movies.debug.xcconfig */,
				7DB309EC3E716DCDFADF312D /* Pods-Movies.release.xcconfig */,
				BDDCD45DB4EFD6FB51B8B642 /* Pods-Movies-MoviesTests.debug.xcconfig */,
				2B69178F95498D3CD61EEB91 /* Pods-Movies-MoviesTests.release.xcconfig */,
			);
			name = Pods;
			sourceTree = "<group>";
		};
/* End PBXGroup section */

/* Begin PBXNativeTarget section */
		4A4FD08F1FC452B2004E83C3 /* MoviesTests */ = {
			isa = PBXNativeTarget;
			buildConfigurationList = 4A4FD0971FC452B2004E83C3 /* Build configuration list for PBXNativeTarget "MoviesTests" */;
			buildPhases = (
				6A4933E13573A342887AEC83 /* [CP] Check Pods Manifest.lock */,
				4A4FD08C1FC452B2004E83C3 /* Sources */,
				4A4FD08D1FC452B2004E83C3 /* Frameworks */,
				4A4FD08E1FC452B2004E83C3 /* Resources */,
				4F9DB429E840AA50E8FA8A8E /* [CP] Embed Pods Frameworks */,
				CF3B1C97F37046F4939FAC60 /* [CP] Copy Pods Resources */,
			);
			buildRules = (
			);
			dependencies = (
				4A4FD0961FC452B2004E83C3 /* PBXTargetDependency */,
			);
			name = MoviesTests;
			productName = MoviesTests;
			productReference = 4A4FD0901FC452B2004E83C3 /* MoviesTests.xctest */;
			productType = "com.apple.product-type.bundle.unit-test";
		};
		4AD492A71FB9F21200F2E703 /* Movies */ = {
			isa = PBXNativeTarget;
			buildConfigurationList = 4AD492BA1FB9F21200F2E703 /* Build configuration list for PBXNativeTarget "Movies" */;
			buildPhases = (
				811A53B428E83D0757E44920 /* [CP] Check Pods Manifest.lock */,
				4AD492A41FB9F21200F2E703 /* Sources */,
				4AD492A51FB9F21200F2E703 /* Frameworks */,
				4AD492A61FB9F21200F2E703 /* Resources */,
				B7090985FC8EF6707148D160 /* [CP] Embed Pods Frameworks */,
				32997482A092F0340A43317F /* [CP] Copy Pods Resources */,
			);
			buildRules = (
			);
			dependencies = (
			);
			name = Movies;
			productName = Movies;
			productReference = 4AD492A81FB9F21200F2E703 /* Movies.app */;
			productType = "com.apple.product-type.application";
		};
/* End PBXNativeTarget section */

/* Begin PBXProject section */
		4AD492A01FB9F21200F2E703 /* Project object */ = {
			isa = PBXProject;
			attributes = {
				LastSwiftUpdateCheck = 0910;
				LastUpgradeCheck = 0910;
				ORGANIZATIONNAME = "Marcos Schead";
				TargetAttributes = {
					4A4FD08F1FC452B2004E83C3 = {
						CreatedOnToolsVersion = 9.1;
						ProvisioningStyle = Automatic;
						TestTargetID = 4AD492A71FB9F21200F2E703;
					};
					4AD492A71FB9F21200F2E703 = {
						CreatedOnToolsVersion = 9.1;
						ProvisioningStyle = Automatic;
					};
				};
			};
			buildConfigurationList = 4AD492A31FB9F21200F2E703 /* Build configuration list for PBXProject "Movies" */;
			compatibilityVersion = "Xcode 8.0";
			developmentRegion = en;
			hasScannedForEncodings = 0;
			knownRegions = (
				en,
				Base,
			);
			mainGroup = 4AD4929F1FB9F21200F2E703;
			productRefGroup = 4AD492A91FB9F21200F2E703 /* Products */;
			projectDirPath = "";
			projectRoot = "";
			targets = (
				4AD492A71FB9F21200F2E703 /* Movies */,
				4A4FD08F1FC452B2004E83C3 /* MoviesTests */,
			);
		};
/* End PBXProject section */

/* Begin PBXResourcesBuildPhase section */
		4A4FD08E1FC452B2004E83C3 /* Resources */ = {
			isa = PBXResourcesBuildPhase;
			buildActionMask = 2147483647;
			files = (
			);
			runOnlyForDeploymentPostprocessing = 0;
		};
		4AD492A61FB9F21200F2E703 /* Resources */ = {
			isa = PBXResourcesBuildPhase;
			buildActionMask = 2147483647;
			files = (
				4AD492B61FB9F21200F2E703 /* LaunchScreen.storyboard in Resources */,
				4AC433D91FBDE44500F0683B /* Assets.xcassets in Resources */,
				4AD492B11FB9F21200F2E703 /* Main.storyboard in Resources */,
			);
			runOnlyForDeploymentPostprocessing = 0;
		};
/* End PBXResourcesBuildPhase section */

/* Begin PBXShellScriptBuildPhase section */
		32997482A092F0340A43317F /* [CP] Copy Pods Resources */ = {
			isa = PBXShellScriptBuildPhase;
			buildActionMask = 2147483647;
			files = (
			);
			inputPaths = (
			);
			name = "[CP] Copy Pods Resources";
			outputPaths = (
			);
			runOnlyForDeploymentPostprocessing = 0;
			shellPath = /bin/sh;
			shellScript = "\"${SRCROOT}/Pods/Target Support Files/Pods-Movies/Pods-Movies-resources.sh\"\n";
			showEnvVarsInLog = 0;
		};
		4F9DB429E840AA50E8FA8A8E /* [CP] Embed Pods Frameworks */ = {
			isa = PBXShellScriptBuildPhase;
			buildActionMask = 2147483647;
			files = (
			);
			inputPaths = (
			);
			name = "[CP] Embed Pods Frameworks";
			outputPaths = (
			);
			runOnlyForDeploymentPostprocessing = 0;
			shellPath = /bin/sh;
			shellScript = "\"${SRCROOT}/Pods/Target Support Files/Pods-Movies-MoviesTests/Pods-Movies-MoviesTests-frameworks.sh\"\n";
			showEnvVarsInLog = 0;
		};
		6A4933E13573A342887AEC83 /* [CP] Check Pods Manifest.lock */ = {
			isa = PBXShellScriptBuildPhase;
			buildActionMask = 2147483647;
			files = (
			);
			inputPaths = (
			);
			name = "[CP] Check Pods Manifest.lock";
			outputPaths = (
			);
			runOnlyForDeploymentPostprocessing = 0;
			shellPath = /bin/sh;
			shellScript = "diff \"${PODS_ROOT}/../Podfile.lock\" \"${PODS_ROOT}/Manifest.lock\" > /dev/null\nif [ $? != 0 ] ; then\n    # print error to STDERR\n    echo \"error: The sandbox is not in sync with the Podfile.lock. Run 'pod install' or update your CocoaPods installation.\" >&2\n    exit 1\nfi\n";
			showEnvVarsInLog = 0;
		};
		811A53B428E83D0757E44920 /* [CP] Check Pods Manifest.lock */ = {
			isa = PBXShellScriptBuildPhase;
			buildActionMask = 2147483647;
			files = (
			);
			inputPaths = (
				"${PODS_PODFILE_DIR_PATH}/Podfile.lock",
				"${PODS_ROOT}/Manifest.lock",
			);
			name = "[CP] Check Pods Manifest.lock";
			outputPaths = (
				"$(DERIVED_FILE_DIR)/Pods-Movies-checkManifestLockResult.txt",
			);
			runOnlyForDeploymentPostprocessing = 0;
			shellPath = /bin/sh;
			shellScript = "diff \"${PODS_ROOT}/../Podfile.lock\" \"${PODS_ROOT}/Manifest.lock\" > /dev/null\nif [ $? != 0 ] ; then\n    # print error to STDERR\n    echo \"error: The sandbox is not in sync with the Podfile.lock. Run 'pod install' or update your CocoaPods installation.\" >&2\n    exit 1\nfi\n";
			showEnvVarsInLog = 0;
		};
		B7090985FC8EF6707148D160 /* [CP] Embed Pods Frameworks */ = {
			isa = PBXShellScriptBuildPhase;
			buildActionMask = 2147483647;
			files = (
			);
			inputPaths = (
				"${SRCROOT}/Pods/Target Support Files/Pods-Movies/Pods-Movies-frameworks.sh",
				"${BUILT_PRODUCTS_DIR}/ReSwift/ReSwift.framework",
			);
			name = "[CP] Embed Pods Frameworks";
			outputPaths = (
				"${TARGET_BUILD_DIR}/${FRAMEWORKS_FOLDER_PATH}/ReSwift.framework",
			);
			runOnlyForDeploymentPostprocessing = 0;
			shellPath = /bin/sh;
			shellScript = "\"${SRCROOT}/Pods/Target Support Files/Pods-Movies/Pods-Movies-frameworks.sh\"\n";
			showEnvVarsInLog = 0;
		};
		CF3B1C97F37046F4939FAC60 /* [CP] Copy Pods Resources */ = {
			isa = PBXShellScriptBuildPhase;
			buildActionMask = 2147483647;
			files = (
			);
			inputPaths = (
			);
			name = "[CP] Copy Pods Resources";
			outputPaths = (
			);
			runOnlyForDeploymentPostprocessing = 0;
			shellPath = /bin/sh;
			shellScript = "\"${SRCROOT}/Pods/Target Support Files/Pods-Movies-MoviesTests/Pods-Movies-MoviesTests-resources.sh\"\n";
			showEnvVarsInLog = 0;
		};
/* End PBXShellScriptBuildPhase section */

/* Begin PBXSourcesBuildPhase section */
		4A4FD08C1FC452B2004E83C3 /* Sources */ = {
			isa = PBXSourcesBuildPhase;
			buildActionMask = 2147483647;
			files = (
				4A4FD09C1FC45770004E83C3 /* MovieListingActionsTest.swift in Sources */,
			);
			runOnlyForDeploymentPostprocessing = 0;
		};
		4AD492A41FB9F21200F2E703 /* Sources */ = {
			isa = PBXSourcesBuildPhase;
			buildActionMask = 2147483647;
			files = (
				4A6A5C351FBB16D300476B51 /* Movie.swift in Sources */,
				4A6A5C401FBB1C9300476B51 /* MoviesListingReducer.swift in Sources */,
				4A6A5C3A1FBB1A7400476B51 /* RootReducer.swift in Sources */,
				4A6A5C3C1FBB1B1200476B51 /* FilterViewController.swift in Sources */,
				4A7B5DD51FBA03A800918CED /* MovieTableViewCell.swift in Sources */,
				4AD492AC1FB9F21200F2E703 /* AppDelegate.swift in Sources */,
				4A6A5C3E1FBB1B4900476B51 /* MovieDetailViewController.swift in Sources */,
				4A6A5C421FBB1CAA00476B51 /* MoviesListingState.swift in Sources */,
				4A7B5DD11FB9F99300918CED /* MoviesListingAction.swift in Sources */,
				4A6A5C381FBB1A3200476B51 /* RootState.swift in Sources */,
				3DD3F7CD1FBE246900463B29 /* MovieDetailService.swift in Sources */,
				C9E1337ED7CBB87E9B6417FB /* FilterAction.swift in Sources */,
				C9E13DDD1540AF7177DD01C0 /* FilterReducer.swift in Sources */,
				C9E13705A2244C8BC39D5EF4 /* FilterState.swift in Sources */,
				C9E13654EAA38B6C4E1A5312 /* MovieDetailAction.swift in Sources */,
				C9E137DFF547C5A3CCC00383 /* MovieDetailReducer.swift in Sources */,
				C9E13D3AB7469CE0C1947643 /* MovieDetailState.swift in Sources */,
				3ECF75AF54D688815E6EDB07 /* MoviesListingService.swift in Sources */,
				3ECF733B9BCD771C7EA45899 /* MoviePage.swift in Sources */,
				C9E1359F55E3AB82B22C3399 /* MovieListingViewController.swift in Sources */,
				C9E139129A09FAB50D9B08A1 /* DownloadFromURL.swift in Sources */,
				C9E1342F0824A516E2FB33D6 /* Genre.swift in Sources */,
				C9E13D550F14C562DB47D2AC /* GenrePage.swift in Sources */,
			);
			runOnlyForDeploymentPostprocessing = 0;
		};
/* End PBXSourcesBuildPhase section */

/* Begin PBXTargetDependency section */
		4A4FD0961FC452B2004E83C3 /* PBXTargetDependency */ = {
			isa = PBXTargetDependency;
			target = 4AD492A71FB9F21200F2E703 /* Movies */;
			targetProxy = 4A4FD0951FC452B2004E83C3 /* PBXContainerItemProxy */;
		};
/* End PBXTargetDependency section */

/* Begin PBXVariantGroup section */
		4AD492AF1FB9F21200F2E703 /* Main.storyboard */ = {
			isa = PBXVariantGroup;
			children = (
				4AD492B01FB9F21200F2E703 /* Base */,
			);
			name = Main.storyboard;
			sourceTree = "<group>";
		};
		4AD492B41FB9F21200F2E703 /* LaunchScreen.storyboard */ = {
			isa = PBXVariantGroup;
			children = (
				4AD492B51FB9F21200F2E703 /* Base */,
			);
			name = LaunchScreen.storyboard;
			sourceTree = "<group>";
		};
/* End PBXVariantGroup section */

/* Begin XCBuildConfiguration section */
		4A4FD0981FC452B2004E83C3 /* Debug */ = {
			isa = XCBuildConfiguration;
			baseConfigurationReference = BDDCD45DB4EFD6FB51B8B642 /* Pods-Movies-MoviesTests.debug.xcconfig */;
			buildSettings = {
				BUNDLE_LOADER = "$(TEST_HOST)";
				CODE_SIGN_STYLE = Automatic;
				INFOPLIST_FILE = MoviesTests/Info.plist;
				LD_RUNPATH_SEARCH_PATHS = "$(inherited) @executable_path/Frameworks @loader_path/Frameworks";
				PRODUCT_BUNDLE_IDENTIFIER = com.schead.MoviesTests;
				PRODUCT_NAME = "$(TARGET_NAME)";
				SWIFT_VERSION = 4.0;
				TARGETED_DEVICE_FAMILY = "1,2";
				TEST_HOST = "$(BUILT_PRODUCTS_DIR)/Movies.app/Movies";
			};
			name = Debug;
		};
		4A4FD0991FC452B2004E83C3 /* Release */ = {
			isa = XCBuildConfiguration;
			baseConfigurationReference = 2B69178F95498D3CD61EEB91 /* Pods-Movies-MoviesTests.release.xcconfig */;
			buildSettings = {
				BUNDLE_LOADER = "$(TEST_HOST)";
				CODE_SIGN_STYLE = Automatic;
				INFOPLIST_FILE = MoviesTests/Info.plist;
				LD_RUNPATH_SEARCH_PATHS = "$(inherited) @executable_path/Frameworks @loader_path/Frameworks";
				PRODUCT_BUNDLE_IDENTIFIER = com.schead.MoviesTests;
				PRODUCT_NAME = "$(TARGET_NAME)";
				SWIFT_VERSION = 4.0;
				TARGETED_DEVICE_FAMILY = "1,2";
				TEST_HOST = "$(BUILT_PRODUCTS_DIR)/Movies.app/Movies";
			};
			name = Release;
		};
		4AD492B81FB9F21200F2E703 /* Debug */ = {
			isa = XCBuildConfiguration;
			buildSettings = {
				ALWAYS_SEARCH_USER_PATHS = NO;
				CLANG_ANALYZER_NONNULL = YES;
				CLANG_ANALYZER_NUMBER_OBJECT_CONVERSION = YES_AGGRESSIVE;
				CLANG_CXX_LANGUAGE_STANDARD = "gnu++14";
				CLANG_CXX_LIBRARY = "libc++";
				CLANG_ENABLE_MODULES = YES;
				CLANG_ENABLE_OBJC_ARC = YES;
				CLANG_WARN_BLOCK_CAPTURE_AUTORELEASING = YES;
				CLANG_WARN_BOOL_CONVERSION = YES;
				CLANG_WARN_COMMA = YES;
				CLANG_WARN_CONSTANT_CONVERSION = YES;
				CLANG_WARN_DIRECT_OBJC_ISA_USAGE = YES_ERROR;
				CLANG_WARN_DOCUMENTATION_COMMENTS = YES;
				CLANG_WARN_EMPTY_BODY = YES;
				CLANG_WARN_ENUM_CONVERSION = YES;
				CLANG_WARN_INFINITE_RECURSION = YES;
				CLANG_WARN_INT_CONVERSION = YES;
				CLANG_WARN_NON_LITERAL_NULL_CONVERSION = YES;
				CLANG_WARN_OBJC_LITERAL_CONVERSION = YES;
				CLANG_WARN_OBJC_ROOT_CLASS = YES_ERROR;
				CLANG_WARN_RANGE_LOOP_ANALYSIS = YES;
				CLANG_WARN_STRICT_PROTOTYPES = YES;
				CLANG_WARN_SUSPICIOUS_MOVE = YES;
				CLANG_WARN_UNGUARDED_AVAILABILITY = YES_AGGRESSIVE;
				CLANG_WARN_UNREACHABLE_CODE = YES;
				CLANG_WARN__DUPLICATE_METHOD_MATCH = YES;
				CODE_SIGN_IDENTITY = "iPhone Developer";
				COPY_PHASE_STRIP = NO;
				DEBUG_INFORMATION_FORMAT = dwarf;
				ENABLE_STRICT_OBJC_MSGSEND = YES;
				ENABLE_TESTABILITY = YES;
				GCC_C_LANGUAGE_STANDARD = gnu11;
				GCC_DYNAMIC_NO_PIC = NO;
				GCC_NO_COMMON_BLOCKS = YES;
				GCC_OPTIMIZATION_LEVEL = 0;
				GCC_PREPROCESSOR_DEFINITIONS = (
					"DEBUG=1",
					"$(inherited)",
				);
				GCC_WARN_64_TO_32_BIT_CONVERSION = YES;
				GCC_WARN_ABOUT_RETURN_TYPE = YES_ERROR;
				GCC_WARN_UNDECLARED_SELECTOR = YES;
				GCC_WARN_UNINITIALIZED_AUTOS = YES_AGGRESSIVE;
				GCC_WARN_UNUSED_FUNCTION = YES;
				GCC_WARN_UNUSED_VARIABLE = YES;
				IPHONEOS_DEPLOYMENT_TARGET = 11.1;
				MTL_ENABLE_DEBUG_INFO = YES;
				ONLY_ACTIVE_ARCH = YES;
				SDKROOT = iphoneos;
				SWIFT_ACTIVE_COMPILATION_CONDITIONS = DEBUG;
				SWIFT_OPTIMIZATION_LEVEL = "-Onone";
			};
			name = Debug;
		};
		4AD492B91FB9F21200F2E703 /* Release */ = {
			isa = XCBuildConfiguration;
			buildSettings = {
				ALWAYS_SEARCH_USER_PATHS = NO;
				CLANG_ANALYZER_NONNULL = YES;
				CLANG_ANALYZER_NUMBER_OBJECT_CONVERSION = YES_AGGRESSIVE;
				CLANG_CXX_LANGUAGE_STANDARD = "gnu++14";
				CLANG_CXX_LIBRARY = "libc++";
				CLANG_ENABLE_MODULES = YES;
				CLANG_ENABLE_OBJC_ARC = YES;
				CLANG_WARN_BLOCK_CAPTURE_AUTORELEASING = YES;
				CLANG_WARN_BOOL_CONVERSION = YES;
				CLANG_WARN_COMMA = YES;
				CLANG_WARN_CONSTANT_CONVERSION = YES;
				CLANG_WARN_DIRECT_OBJC_ISA_USAGE = YES_ERROR;
				CLANG_WARN_DOCUMENTATION_COMMENTS = YES;
				CLANG_WARN_EMPTY_BODY = YES;
				CLANG_WARN_ENUM_CONVERSION = YES;
				CLANG_WARN_INFINITE_RECURSION = YES;
				CLANG_WARN_INT_CONVERSION = YES;
				CLANG_WARN_NON_LITERAL_NULL_CONVERSION = YES;
				CLANG_WARN_OBJC_LITERAL_CONVERSION = YES;
				CLANG_WARN_OBJC_ROOT_CLASS = YES_ERROR;
				CLANG_WARN_RANGE_LOOP_ANALYSIS = YES;
				CLANG_WARN_STRICT_PROTOTYPES = YES;
				CLANG_WARN_SUSPICIOUS_MOVE = YES;
				CLANG_WARN_UNGUARDED_AVAILABILITY = YES_AGGRESSIVE;
				CLANG_WARN_UNREACHABLE_CODE = YES;
				CLANG_WARN__DUPLICATE_METHOD_MATCH = YES;
				CODE_SIGN_IDENTITY = "iPhone Developer";
				COPY_PHASE_STRIP = NO;
				DEBUG_INFORMATION_FORMAT = "dwarf-with-dsym";
				ENABLE_NS_ASSERTIONS = NO;
				ENABLE_STRICT_OBJC_MSGSEND = YES;
				GCC_C_LANGUAGE_STANDARD = gnu11;
				GCC_NO_COMMON_BLOCKS = YES;
				GCC_WARN_64_TO_32_BIT_CONVERSION = YES;
				GCC_WARN_ABOUT_RETURN_TYPE = YES_ERROR;
				GCC_WARN_UNDECLARED_SELECTOR = YES;
				GCC_WARN_UNINITIALIZED_AUTOS = YES_AGGRESSIVE;
				GCC_WARN_UNUSED_FUNCTION = YES;
				GCC_WARN_UNUSED_VARIABLE = YES;
				IPHONEOS_DEPLOYMENT_TARGET = 11.1;
				MTL_ENABLE_DEBUG_INFO = NO;
				SDKROOT = iphoneos;
				SWIFT_OPTIMIZATION_LEVEL = "-Owholemodule";
				VALIDATE_PRODUCT = YES;
			};
			name = Release;
		};
		4AD492BB1FB9F21200F2E703 /* Debug */ = {
			isa = XCBuildConfiguration;
			baseConfigurationReference = EB5091F26165CFC7EE5BD1A9 /* Pods-Movies.debug.xcconfig */;
			buildSettings = {
				ASSETCATALOG_COMPILER_APPICON_NAME = AppIcon;
				CODE_SIGN_STYLE = Automatic;
				DEVELOPMENT_TEAM = U3N52Z5982;
				INFOPLIST_FILE = Movies/Info.plist;
				LD_RUNPATH_SEARCH_PATHS = "$(inherited) @executable_path/Frameworks";
				PRODUCT_BUNDLE_IDENTIFIER = com.schead.Movies;
				PRODUCT_NAME = "$(TARGET_NAME)";
				SWIFT_VERSION = 4.0;
				TARGETED_DEVICE_FAMILY = "1,2";
			};
			name = Debug;
		};
		4AD492BC1FB9F21200F2E703 /* Release */ = {
			isa = XCBuildConfiguration;
			baseConfigurationReference = 7DB309EC3E716DCDFADF312D /* Pods-Movies.release.xcconfig */;
			buildSettings = {
				ASSETCATALOG_COMPILER_APPICON_NAME = AppIcon;
				CODE_SIGN_STYLE = Automatic;
				DEVELOPMENT_TEAM = U3N52Z5982;
				INFOPLIST_FILE = Movies/Info.plist;
				LD_RUNPATH_SEARCH_PATHS = "$(inherited) @executable_path/Frameworks";
				PRODUCT_BUNDLE_IDENTIFIER = com.schead.Movies;
				PRODUCT_NAME = "$(TARGET_NAME)";
				SWIFT_VERSION = 4.0;
				TARGETED_DEVICE_FAMILY = "1,2";
			};
			name = Release;
		};
/* End XCBuildConfiguration section */

/* Begin XCConfigurationList section */
		4A4FD0971FC452B2004E83C3 /* Build configuration list for PBXNativeTarget "MoviesTests" */ = {
			isa = XCConfigurationList;
			buildConfigurations = (
				4A4FD0981FC452B2004E83C3 /* Debug */,
				4A4FD0991FC452B2004E83C3 /* Release */,
			);
			defaultConfigurationIsVisible = 0;
			defaultConfigurationName = Release;
		};
		4AD492A31FB9F21200F2E703 /* Build configuration list for PBXProject "Movies" */ = {
			isa = XCConfigurationList;
			buildConfigurations = (
				4AD492B81FB9F21200F2E703 /* Debug */,
				4AD492B91FB9F21200F2E703 /* Release */,
			);
			defaultConfigurationIsVisible = 0;
			defaultConfigurationName = Release;
		};
		4AD492BA1FB9F21200F2E703 /* Build configuration list for PBXNativeTarget "Movies" */ = {
			isa = XCConfigurationList;
			buildConfigurations = (
				4AD492BB1FB9F21200F2E703 /* Debug */,
				4AD492BC1FB9F21200F2E703 /* Release */,
			);
			defaultConfigurationIsVisible = 0;
			defaultConfigurationName = Release;
		};
/* End XCConfigurationList section */
	};
	rootObject = 4AD492A01FB9F21200F2E703 /* Project object */;
}
